
Microsoft Visual Studio Solution File, Format Version 12.00
# Visual Studio Version 17
VisualStudioVersion = 17.0.31717.71
MinimumVisualStudioVersion = 10.0.40219.1
Project("{FAE04EC0-301F-11D3-BF4B-00C04F79EFBC}") = "NewCertificateGenerator", "NewCertificateGenerator\NewCertificateGenerator.csproj", "{ED61C189-33FA-4939-8D0B-74BFD11F6B0B}"
EndProject
Global
	GlobalSection(SolutionConfigurationPlatforms) = preSolution
		Debug|Any CPU = Debug|Any CPU
		Release|Any CPU = Release|Any CPU
	EndGlobalSection
	GlobalSection(ProjectConfigurationPlatforms) = postSolution
		{ED61C189-33FA-4939-8D0B-74BFD11F6B0B}.Debug|Any CPU.ActiveCfg = Debug|Any CPU
		{ED61C189-33FA-4939-8D0B-74BFD11F6B0B}.Debug|Any CPU.Build.0 = Debug|Any CPU
		{ED61C189-33FA-4939-8D0B-74BFD11F6B0B}.Release|Any CPU.ActiveCfg = Release|Any CPU
		{ED61C189-33FA-4939-8D0B-74BFD11F6B0B}.Release|Any CPU.Build.0 = Release|Any CPU
	EndGlobalSection
	GlobalSection(SolutionProperties) = preSolution
		HideSolutionNode = FALSE
	EndGlobalSection
	GlobalSection(ExtensibilityGlobals) = postSolution
		SolutionGuid = {8BE95770-86C2-4127-9096-593CB1EAB650}
	EndGlobalSection
EndGlobal
